
Microsoft Visual Studio Solution File, Format Version 12.00
# Visual Studio 2012
Project("{FAE04EC0-301F-11D3-BF4B-00C04F79EFBC}") = "RandomClass", "RandomClass\RandomClass.csproj", "{1A27BD57-C8D0-4879-8A64-2B8EAB51B104}"
EndProject
Global
	GlobalSection(SolutionConfigurationPlatforms) = preSolution
		Debug|Any CPU = Debug|Any CPU
		Release|Any CPU = Release|Any CPU
	EndGlobalSection
	GlobalSection(ProjectConfigurationPlatforms) = postSolution
		{1A27BD57-C8D0-4879-8A64-2B8EAB51B104}.Debug|Any CPU.ActiveCfg = Debug|Any CPU
		{1A27BD57-C8D0-4879-8A64-2B8EAB51B104}.Debug|Any CPU.Build.0 = Debug|Any CPU
		{1A27BD57-C8D0-4879-8A64-2B8EAB51B104}.Release|Any CPU.ActiveCfg = Release|Any CPU
		{1A27BD57-C8D0-4879-8A64-2B8EAB51B104}.Release|Any CPU.Build.0 = Release|Any CPU
	EndGlobalSection
EndGlobal
